Microsoft Visual Studio Solution File, Format Version 12.00
# Visual Studio Version 17
VisualStudioVersion = 17.5.2.0
MinimumVisualStudioVersion = 10.0.40219.1
Project("{2150E333-8FDC-42A3-9474-1A3956D46DE8}") = "tasks", "tasks", "{B554F44C-BC1A-140C-1D5D-67ADEC712783}"
EndProject
Project("{2150E333-8FDC-42A3-9474-1A3956D46DE8}") = "c#", "c#", "{06025E17-C9CB-7FA5-253D-9A7E28321412}"
EndProject
Project("{2150E333-8FDC-42A3-9474-1A3956D46DE8}") = "easy", "easy", "{62ABFDCE-C1D7-B135-7B17-CC1646085F7E}"
EndProject
Project("{FAE04EC0-301F-11D3-BF4B-00C04F79EFBC}") = "HelloUser", "tasks\c#\easy\HelloUser\HelloUser.csproj", "{A688689E-2365-1657-56F0-1F8FB58900E1}"
EndProject
Global
	GlobalSection(SolutionConfigurationPlatforms) = preSolution
		Debug|Any CPU = Debug|Any CPU
		Release|Any CPU = Release|Any CPU
	EndGlobalSection
	GlobalSection(ProjectConfigurationPlatforms) = postSolution
		{A688689E-2365-1657-56F0-1F8FB58900E1}.Debug|Any CPU.ActiveCfg = Debug|Any CPU
		{A688689E-2365-1657-56F0-1F8FB58900E1}.Debug|Any CPU.Build.0 = Debug|Any CPU
		{A688689E-2365-1657-56F0-1F8FB58900E1}.Release|Any CPU.ActiveCfg = Release|Any CPU
		{A688689E-2365-1657-56F0-1F8FB58900E1}.Release|Any CPU.Build.0 = Release|Any CPU
	EndGlobalSection
	GlobalSection(SolutionProperties) = preSolution
		HideSolutionNode = FALSE
	EndGlobalSection
	GlobalSection(NestedProjects) = preSolution
		{06025E17-C9CB-7FA5-253D-9A7E28321412} = {B554F44C-BC1A-140C-1D5D-67ADEC712783}
		{62ABFDCE-C1D7-B135-7B17-CC1646085F7E} = {06025E17-C9CB-7FA5-253D-9A7E28321412}
		{A688689E-2365-1657-56F0-1F8FB58900E1} = {62ABFDCE-C1D7-B135-7B17-CC1646085F7E}
	EndGlobalSection
	GlobalSection(ExtensibilityGlobals) = postSolution
		SolutionGuid = {B9988DC5-9655-4656-BD03-E695F6EBE0DB}
	EndGlobalSection
EndGlobal
