
Microsoft Visual Studio Solution File, Format Version 12.00
# Visual Studio Version 17
VisualStudioVersion = 17.5.002.0
MinimumVisualStudioVersion = 10.0.40219.1
Project("{2150E333-8FDC-42A3-9474-1A3956D46DE8}") = "tasks", "tasks", "{434A1D59-B220-40F0-94FA-336B19D0B254}"
EndProject
Project("{2150E333-8FDC-42A3-9474-1A3956D46DE8}") = "c#", "c#", "{22DCA626-4B3C-4BFF-9808-C12CB17A6242}"
EndProject
Project("{2150E333-8FDC-42A3-9474-1A3956D46DE8}") = "easy", "easy", "{47BBFDE5-DCA4-4354-B999-3DB39933C2F0}"
EndProject
Project("{9A19103F-16F7-4668-BE54-9A1E7A4F7556}") = "HelloUser", "tasks\c#\easy\HelloUser\HelloUser.csproj", "{C9FB6353-E8F0-494D-852E-CFAC8A56F8D6}"
EndProject
Global
	GlobalSection(SolutionConfigurationPlatforms) = preSolution
		Debug|Any CPU = Debug|Any CPU
		Release|Any CPU = Release|Any CPU
	EndGlobalSection
	GlobalSection(ProjectConfigurationPlatforms) = postSolution
		{C9FB6353-E8F0-494D-852E-CFAC8A56F8D6}.Debug|Any CPU.ActiveCfg = Debug|Any CPU
		{C9FB6353-E8F0-494D-852E-CFAC8A56F8D6}.Debug|Any CPU.Build.0 = Debug|Any CPU
		{C9FB6353-E8F0-494D-852E-CFAC8A56F8D6}.Release|Any CPU.ActiveCfg = Release|Any CPU
		{C9FB6353-E8F0-494D-852E-CFAC8A56F8D6}.Release|Any CPU.Build.0 = Release|Any CPU
	EndGlobalSection
	GlobalSection(SolutionProperties) = preSolution
		HideSolutionNode = FALSE
	EndGlobalSection
	GlobalSection(NestedProjects) = preSolution
		{22DCA626-4B3C-4BFF-9808-C12CB17A6242} = {434A1D59-B220-40F0-94FA-336B19D0B254}
		{47BBFDE5-DCA4-4354-B999-3DB39933C2F0} = {22DCA626-4B3C-4BFF-9808-C12CB17A6242}
		{C9FB6353-E8F0-494D-852E-CFAC8A56F8D6} = {47BBFDE5-DCA4-4354-B999-3DB39933C2F0}
	EndGlobalSection
	GlobalSection(ExtensibilityGlobals) = postSolution
		SolutionGuid = {DA4414BE-AE13-4957-9808-A6EE55708A00}
	EndGlobalSection
EndGlobal
